
Microsoft Visual Studio Solution File, Format Version 12.00
# Visual Studio 15
VisualStudioVersion = 15.0.28010.2041
MinimumVisualStudioVersion = 10.0.40219.1
Project("{F184B08F-C81C-45F6-A57F-5ABD9991F28F}") = "FinanceApp", "FinanceApp\FinanceApp.vbproj", "{673F96E4-3268-4A1B-AB8A-1A3912012459}"
EndProject
Global
	GlobalSection(SolutionConfigurationPlatforms) = preSolution
		Debug|Any CPU = Debug|Any CPU
		Release|Any CPU = Release|Any CPU
	EndGlobalSection
	GlobalSection(ProjectConfigurationPlatforms) = postSolution
		{673F96E4-3268-4A1B-AB8A-1A3912012459}.Debug|Any CPU.ActiveCfg = Debug|Any CPU
		{673F96E4-3268-4A1B-AB8A-1A3912012459}.Debug|Any CPU.Build.0 = Debug|Any CPU
		{673F96E4-3268-4A1B-AB8A-1A3912012459}.Release|Any CPU.ActiveCfg = Release|Any CPU
		{673F96E4-3268-4A1B-AB8A-1A3912012459}.Release|Any CPU.Build.0 = Release|Any CPU
	EndGlobalSection
	GlobalSection(SolutionProperties) = preSolution
		HideSolutionNode = FALSE
	EndGlobalSection
	GlobalSection(ExtensibilityGlobals) = postSolution
		SolutionGuid = {788AC235-F56C-4329-8EF3-91813E5328B0}
	EndGlobalSection
EndGlobal
